
Microsoft Visual Studio Solution File, Format Version 12.00
# Visual Studio Version 16
VisualStudioVersion = 16.0.31729.503
MinimumVisualStudioVersion = 10.0.40219.1
Project("{FAE04EC0-301F-11D3-BF4B-00C04F79EFBC}") = "ShopBanSieuXe", "ShopBanSieuXe\ShopBanSieuXe.csproj", "{C250F014-EC9D-4CD5-94CF-0D86257CB68F}"
EndProject
Project("{FAE04EC0-301F-11D3-BF4B-00C04F79EFBC}") = "MyClass", "MyClass\MyClass.csproj", "{8EA1D926-9074-430F-B522-3A43E5C4FF3C}"
EndProject
Global
	GlobalSection(SolutionConfigurationPlatforms) = preSolution
		Debug|Any CPU = Debug|Any CPU
		Release|Any CPU = Release|Any CPU
	EndGlobalSection
	GlobalSection(ProjectConfigurationPlatforms) = postSolution
		{C250F014-EC9D-4CD5-94CF-0D86257CB68F}.Debug|Any CPU.ActiveCfg = Debug|Any CPU
		{C250F014-EC9D-4CD5-94CF-0D86257CB68F}.Debug|Any CPU.Build.0 = Debug|Any CPU
		{C250F014-EC9D-4CD5-94CF-0D86257CB68F}.Release|Any CPU.ActiveCfg = Release|Any CPU
		{C250F014-EC9D-4CD5-94CF-0D86257CB68F}.Release|Any CPU.Build.0 = Release|Any CPU
		{8EA1D926-9074-430F-B522-3A43E5C4FF3C}.Debug|Any CPU.ActiveCfg = Debug|Any CPU
		{8EA1D926-9074-430F-B522-3A43E5C4FF3C}.Debug|Any CPU.Build.0 = Debug|Any CPU
		{8EA1D926-9074-430F-B522-3A43E5C4FF3C}.Release|Any CPU.ActiveCfg = Release|Any CPU
		{8EA1D926-9074-430F-B522-3A43E5C4FF3C}.Release|Any CPU.Build.0 = Release|Any CPU
	EndGlobalSection
	GlobalSection(SolutionProperties) = preSolution
		HideSolutionNode = FALSE
	EndGlobalSection
	GlobalSection(ExtensibilityGlobals) = postSolution
		SolutionGuid = {5E85AB91-4320-4BB5-AE72-05D01640E691}
	EndGlobalSection
EndGlobal
